// !$*UTF8*$!
{
	archiveVersion = 1;
	classes = {
	};
	objectVersion = 46;
	objects = {

/* Begin PBXBuildFile section */
		5B0C66EB1C19FABD00411260 /* CalendarViewController.m in Sources */ = {isa = PBXBuildFile; fileRef = 5B0C66EA1C19FABD00411260 /* CalendarViewController.m */; };
		5B0C66F31C19FC2500411260 /* CLWeeklyCalendarView.m in Sources */ = {isa = PBXBuildFile; fileRef = 5B0C66EE1C19FC2500411260 /* CLWeeklyCalendarView.m */; };
		5B0C66F41C19FC2500411260 /* DailyCalendarView.m in Sources */ = {isa = PBXBuildFile; fileRef = 5B0C66F01C19FC2500411260 /* DailyCalendarView.m */; };
		5B0C66F51C19FC2500411260 /* DayTitleLabel.m in Sources */ = {isa = PBXBuildFile; fileRef = 5B0C66F21C19FC2500411260 /* DayTitleLabel.m */; };
		5B0C66FE1C19FC2E00411260 /* NSDate+CL.m in Sources */ = {isa = PBXBuildFile; fileRef = 5B0C66F71C19FC2E00411260 /* NSDate+CL.m */; };
		5B0C66FF1C19FC2E00411260 /* NSDictionary+CL.m in Sources */ = {isa = PBXBuildFile; fileRef = 5B0C66F91C19FC2E00411260 /* NSDictionary+CL.m */; };
		5B0C67001C19FC2E00411260 /* UIColor+CL.m in Sources */ = {isa = PBXBuildFile; fileRef = 5B0C66FB1C19FC2E00411260 /* UIColor+CL.m */; };
		5B0C67011C19FC2E00411260 /* UIImage+CL.m in Sources */ = {isa = PBXBuildFile; fileRef = 5B0C66FD1C19FC2E00411260 /* UIImage+CL.m */; };
		5B9E77141C1903C1002610FB /* CraftTests.swift in Sources */ = {isa = PBXBuildFile; fileRef = 5B9E77131C1903C1002610FB /* CraftTests.swift */; };
		5B9E771F1C1903C1002610FB /* CraftUITests.swift in Sources */ = {isa = PBXBuildFile; fileRef = 5B9E771E1C1903C1002610FB /* CraftUITests.swift */; };
		5BEB52BB1C1905F00013AF11 /* AppDelegate.swift in Sources */ = {isa = PBXBuildFile; fileRef = 5BEB52AB1C1905F00013AF11 /* AppDelegate.swift */; };
		5BEB52BC1C1905F00013AF11 /* Assets.xcassets in Resources */ = {isa = PBXBuildFile; fileRef = 5BEB52AC1C1905F00013AF11 /* Assets.xcassets */; };
		5BEB52BE1C1905F00013AF11 /* EnterRestaurantIDViewController.swift in Sources */ = {isa = PBXBuildFile; fileRef = 5BEB52AE1C1905F00013AF11 /* EnterRestaurantIDViewController.swift */; };
		5BEB52BF1C1905F00013AF11 /* HomeTableCell.swift in Sources */ = {isa = PBXBuildFile; fileRef = 5BEB52AF1C1905F00013AF11 /* HomeTableCell.swift */; };
		5BEB52C01C1905F00013AF11 /* HomeViewController.swift in Sources */ = {isa = PBXBuildFile; fileRef = 5BEB52B01C1905F00013AF11 /* HomeViewController.swift */; };
		5BEB52C11C1905F00013AF11 /* Info.plist in Resources */ = {isa = PBXBuildFile; fileRef = 5BEB52B11C1905F00013AF11 /* Info.plist */; };
		5BEB52C21C1905F00013AF11 /* LoginViewController.swift in Sources */ = {isa = PBXBuildFile; fileRef = 5BEB52B21C1905F00013AF11 /* LoginViewController.swift */; };
		5BEB52C31C1905F00013AF11 /* MenuViewController.swift in Sources */ = {isa = PBXBuildFile; fileRef = 5BEB52B31C1905F00013AF11 /* MenuViewController.swift */; };
		5BEB52C41C1905F00013AF11 /* PFUserExtension.swift in Sources */ = {isa = PBXBuildFile; fileRef = 5BEB52B41C1905F00013AF11 /* PFUserExtension.swift */; };
		5BEB52C51C1905F00013AF11 /* RegisterRestaurantViewController.swift in Sources */ = {isa = PBXBuildFile; fileRef = 5BEB52B51C1905F00013AF11 /* RegisterRestaurantViewController.swift */; };
		5BEB52C61C1905F00013AF11 /* ResetPasswordViewController.swift in Sources */ = {isa = PBXBuildFile; fileRef = 5BEB52B61C1905F00013AF11 /* ResetPasswordViewController.swift */; };
		5BEB52C71C1905F00013AF11 /* ScheduleTableCell.swift in Sources */ = {isa = PBXBuildFile; fileRef = 5BEB52B71C1905F00013AF11 /* ScheduleTableCell.swift */; };
		5BEB52C81C1905F00013AF11 /* ScheduleViewController.swift in Sources */ = {isa = PBXBuildFile; fileRef = 5BEB52B81C1905F00013AF11 /* ScheduleViewController.swift */; };
		5BEB52C91C1905F00013AF11 /* SettingsViewController.swift in Sources */ = {isa = PBXBuildFile; fileRef = 5BEB52B91C1905F00013AF11 /* SettingsViewController.swift */; };
		5BEB52CA1C1905F00013AF11 /* SignupViewController.swift in Sources */ = {isa = PBXBuildFile; fileRef = 5BEB52BA1C1905F00013AF11 /* SignupViewController.swift */; };
		5BEB52CF1C1906FA0013AF11 /* LaunchScreen.storyboard in Resources */ = {isa = PBXBuildFile; fileRef = 5BEB52CB1C1906FA0013AF11 /* LaunchScreen.storyboard */; };
		5BEB52D01C1906FA0013AF11 /* Main.storyboard in Resources */ = {isa = PBXBuildFile; fileRef = 5BEB52CD1C1906FA0013AF11 /* Main.storyboard */; };
		6BDD99F429CEE758DD647F68 /* Pods_Craft.framework in Frameworks */ = {isa = PBXBuildFile; fileRef = C6983012A63411C96F958C4C /* Pods_Craft.framework */; };
/* End PBXBuildFile section */

/* Begin PBXContainerItemProxy section */
		5B9E77101C1903C1002610FB /* PBXContainerItemProxy */ = {
			isa = PBXContainerItemProxy;
			containerPortal = 5B9E76F31C1903C1002610FB /* Project object */;
			proxyType = 1;
			remoteGlobalIDString = 5B9E76FA1C1903C1002610FB;
			remoteInfo = Craft;
		};
		5B9E771B1C1903C1002610FB /* PBXContainerItemProxy */ = {
			isa = PBXContainerItemProxy;
			containerPortal = 5B9E76F31C1903C1002610FB /* Project object */;
			proxyType = 1;
			remoteGlobalIDString = 5B9E76FA1C1903C1002610FB;
			remoteInfo = Craft;
		};
/* End PBXContainerItemProxy section */

/* Begin PBXFileReference section */
		2AACC2237B09A6ED9EF4BFDB /* Pods-Craft.debug.xcconfig */ = {isa = PBXFileReference; includeInIndex = 1; lastKnownFileType = text.xcconfig; name = "Pods-Craft.debug.xcconfig"; path = "Pods/Target Support Files/Pods-Craft/Pods-Craft.debug.xcconfig"; sourceTree = "<group>"; };
		5B0C66EA1C19FABD00411260 /* CalendarViewController.m */ = {isa = PBXFileReference; fileEncoding = 4; lastKnownFileType = sourcecode.c.objc; path = CalendarViewController.m; sourceTree = "<group>"; };
		5B0C66EC1C19FAE300411260 /* CalendarViewController.h */ = {isa = PBXFileReference; fileEncoding = 4; lastKnownFileType = sourcecode.c.h; path = CalendarViewController.h; sourceTree = "<group>"; };
		5B0C66ED1C19FC2500411260 /* CLWeeklyCalendarView.h */ = {isa = PBXFileReference; fileEncoding = 4; lastKnownFileType = sourcecode.c.h; name = CLWeeklyCalendarView.h; path = CLWeeklyCalendarViewSourceCode/CLWeeklyCalendarView.h; sourceTree = "<group>"; };
		5B0C66EE1C19FC2500411260 /* CLWeeklyCalendarView.m */ = {isa = PBXFileReference; fileEncoding = 4; lastKnownFileType = sourcecode.c.objc; name = CLWeeklyCalendarView.m; path = CLWeeklyCalendarViewSourceCode/CLWeeklyCalendarView.m; sourceTree = "<group>"; };
		5B0C66EF1C19FC2500411260 /* DailyCalendarView.h */ = {isa = PBXFileReference; fileEncoding = 4; lastKnownFileType = sourcecode.c.h; name = DailyCalendarView.h; path = CLWeeklyCalendarViewSourceCode/DailyCalendarView.h; sourceTree = "<group>"; };
		5B0C66F01C19FC2500411260 /* DailyCalendarView.m */ = {isa = PBXFileReference; fileEncoding = 4; lastKnownFileType = sourcecode.c.objc; name = DailyCalendarView.m; path = CLWeeklyCalendarViewSourceCode/DailyCalendarView.m; sourceTree = "<group>"; };
		5B0C66F11C19FC2500411260 /* DayTitleLabel.h */ = {isa = PBXFileReference; fileEncoding = 4; lastKnownFileType = sourcecode.c.h; name = DayTitleLabel.h; path = CLWeeklyCalendarViewSourceCode/DayTitleLabel.h; sourceTree = "<group>"; };
		5B0C66F21C19FC2500411260 /* DayTitleLabel.m */ = {isa = PBXFileReference; fileEncoding = 4; lastKnownFileType = sourcecode.c.objc; name = DayTitleLabel.m; path = CLWeeklyCalendarViewSourceCode/DayTitleLabel.m; sourceTree = "<group>"; };
		5B0C66F61C19FC2E00411260 /* NSDate+CL.h */ = {isa = PBXFileReference; fileEncoding = 4; lastKnownFileType = sourcecode.c.h; name = "NSDate+CL.h"; path = "CLWeeklyCalendarViewSourceCode/Misc/NSDate+CL.h"; sourceTree = "<group>"; };
		5B0C66F71C19FC2E00411260 /* NSDate+CL.m */ = {isa = PBXFileReference; fileEncoding = 4; lastKnownFileType = sourcecode.c.objc; name = "NSDate+CL.m"; path = "CLWeeklyCalendarViewSourceCode/Misc/NSDate+CL.m"; sourceTree = "<group>"; };
		5B0C66F81C19FC2E00411260 /* NSDictionary+CL.h */ = {isa = PBXFileReference; fileEncoding = 4; lastKnownFileType = sourcecode.c.h; name = "NSDictionary+CL.h"; path = "CLWeeklyCalendarViewSourceCode/Misc/NSDictionary+CL.h"; sourceTree = "<group>"; };
		5B0C66F91C19FC2E00411260 /* NSDictionary+CL.m */ = {isa = PBXFileReference; fileEncoding = 4; lastKnownFileType = sourcecode.c.objc; name = "NSDictionary+CL.m"; path = "CLWeeklyCalendarViewSourceCode/Misc/NSDictionary+CL.m"; sourceTree = "<group>"; };
		5B0C66FA1C19FC2E00411260 /* UIColor+CL.h */ = {isa = PBXFileReference; fileEncoding = 4; lastKnownFileType = sourcecode.c.h; name = "UIColor+CL.h"; path = "CLWeeklyCalendarViewSourceCode/Misc/UIColor+CL.h"; sourceTree = "<group>"; };
		5B0C66FB1C19FC2E00411260 /* UIColor+CL.m */ = {isa = PBXFileReference; fileEncoding = 4; lastKnownFileType = sourcecode.c.objc; name = "UIColor+CL.m"; path = "CLWeeklyCalendarViewSourceCode/Misc/UIColor+CL.m"; sourceTree = "<group>"; };
		5B0C66FC1C19FC2E00411260 /* UIImage+CL.h */ = {isa = PBXFileReference; fileEncoding = 4; lastKnownFileType = sourcecode.c.h; name = "UIImage+CL.h"; path = "CLWeeklyCalendarViewSourceCode/Misc/UIImage+CL.h"; sourceTree = "<group>"; };
		5B0C66FD1C19FC2E00411260 /* UIImage+CL.m */ = {isa = PBXFileReference; fileEncoding = 4; lastKnownFileType = sourcecode.c.objc; name = "UIImage+CL.m"; path = "CLWeeklyCalendarViewSourceCode/Misc/UIImage+CL.m"; sourceTree = "<group>"; };
		5B9E76FB1C1903C1002610FB /* Craft.app */ = {isa = PBXFileReference; explicitFileType = wrapper.application; includeInIndex = 0; path = Craft.app; sourceTree = BUILT_PRODUCTS_DIR; };
		5B9E770F1C1903C1002610FB /* CraftTests.xctest */ = {isa = PBXFileReference; explicitFileType = wrapper.cfbundle; includeInIndex = 0; path = CraftTests.xctest; sourceTree = BUILT_PRODUCTS_DIR; };
		5B9E77131C1903C1002610FB /* CraftTests.swift */ = {isa = PBXFileReference; lastKnownFileType = sourcecode.swift; path = CraftTests.swift; sourceTree = "<group>"; };
		5B9E77151C1903C1002610FB /* Info.plist */ = {isa = PBXFileReference; lastKnownFileType = text.plist.xml; path = Info.plist; sourceTree = "<group>"; };
		5B9E771A1C1903C1002610FB /* CraftUITests.xctest */ = {isa = PBXFileReference; explicitFileType = wrapper.cfbundle; includeInIndex = 0; path = CraftUITests.xctest; sourceTree = BUILT_PRODUCTS_DIR; };
		5B9E771E1C1903C1002610FB /* CraftUITests.swift */ = {isa = PBXFileReference; lastKnownFileType = sourcecode.swift; path = CraftUITests.swift; sourceTree = "<group>"; };
		5B9E77201C1903C1002610FB /* Info.plist */ = {isa = PBXFileReference; lastKnownFileType = text.plist.xml; path = Info.plist; sourceTree = "<group>"; };
		5BEB52AB1C1905F00013AF11 /* AppDelegate.swift */ = {isa = PBXFileReference; fileEncoding = 4; lastKnownFileType = sourcecode.swift; path = AppDelegate.swift; sourceTree = "<group>"; };
		5BEB52AC1C1905F00013AF11 /* Assets.xcassets */ = {isa = PBXFileReference; lastKnownFileType = folder.assetcatalog; path = Assets.xcassets; sourceTree = "<group>"; };
		5BEB52AE1C1905F00013AF11 /* EnterRestaurantIDViewController.swift */ = {isa = PBXFileReference; fileEncoding = 4; lastKnownFileType = sourcecode.swift; path = EnterRestaurantIDViewController.swift; sourceTree = "<group>"; };
		5BEB52AF1C1905F00013AF11 /* HomeTableCell.swift */ = {isa = PBXFileReference; fileEncoding = 4; lastKnownFileType = sourcecode.swift; path = HomeTableCell.swift; sourceTree = "<group>"; };
		5BEB52B01C1905F00013AF11 /* HomeViewController.swift */ = {isa = PBXFileReference; fileEncoding = 4; lastKnownFileType = sourcecode.swift; path = HomeViewController.swift; sourceTree = "<group>"; };
		5BEB52B11C1905F00013AF11 /* Info.plist */ = {isa = PBXFileReference; fileEncoding = 4; lastKnownFileType = text.plist.xml; path = Info.plist; sourceTree = "<group>"; };
		5BEB52B21C1905F00013AF11 /* LoginViewController.swift */ = {isa = PBXFileReference; fileEncoding = 4; lastKnownFileType = sourcecode.swift; path = LoginViewController.swift; sourceTree = "<group>"; };
		5BEB52B31C1905F00013AF11 /* MenuViewController.swift */ = {isa = PBXFileReference; fileEncoding = 4; lastKnownFileType = sourcecode.swift; path = MenuViewController.swift; sourceTree = "<group>"; };
		5BEB52B41C1905F00013AF11 /* PFUserExtension.swift */ = {isa = PBXFileReference; fileEncoding = 4; lastKnownFileType = sourcecode.swift; path = PFUserExtension.swift; sourceTree = "<group>"; };
		5BEB52B51C1905F00013AF11 /* RegisterRestaurantViewController.swift */ = {isa = PBXFileReference; fileEncoding = 4; lastKnownFileType = sourcecode.swift; path = RegisterRestaurantViewController.swift; sourceTree = "<group>"; };
		5BEB52B61C1905F00013AF11 /* ResetPasswordViewController.swift */ = {isa = PBXFileReference; fileEncoding = 4; lastKnownFileType = sourcecode.swift; path = ResetPasswordViewController.swift; sourceTree = "<group>"; };
		5BEB52B71C1905F00013AF11 /* ScheduleTableCell.swift */ = {isa = PBXFileReference; fileEncoding = 4; lastKnownFileType = sourcecode.swift; path = ScheduleTableCell.swift; sourceTree = "<group>"; };
		5BEB52B81C1905F00013AF11 /* ScheduleViewController.swift */ = {isa = PBXFileReference; fileEncoding = 4; lastKnownFileType = sourcecode.swift; path = ScheduleViewController.swift; sourceTree = "<group>"; };
		5BEB52B91C1905F00013AF11 /* SettingsViewController.swift */ = {isa = PBXFileReference; fileEncoding = 4; lastKnownFileType = sourcecode.swift; path = SettingsViewController.swift; sourceTree = "<group>"; };
		5BEB52BA1C1905F00013AF11 /* SignupViewController.swift */ = {isa = PBXFileReference; fileEncoding = 4; lastKnownFileType = sourcecode.swift; path = SignupViewController.swift; sourceTree = "<group>"; };
		5BEB52CC1C1906FA0013AF11 /* Base */ = {isa = PBXFileReference; lastKnownFileType = file.storyboard; name = Base; path = Base.lproj/LaunchScreen.storyboard; sourceTree = "<group>"; };
		5BEB52CE1C1906FA0013AF11 /* Base */ = {isa = PBXFileReference; lastKnownFileType = file.storyboard; name = Base; path = Base.lproj/Main.storyboard; sourceTree = "<group>"; };
		74BFC1663FDCF445BCBBAFAF /* Pods-Craft.release.xcconfig */ = {isa = PBXFileReference; includeInIndex = 1; lastKnownFileType = text.xcconfig; name = "Pods-Craft.release.xcconfig"; path = "Pods/Target Support Files/Pods-Craft/Pods-Craft.release.xcconfig"; sourceTree = "<group>"; };
		C6983012A63411C96F958C4C /* Pods_Craft.framework */ = {isa = PBXFileReference; explicitFileType = wrapper.framework; includeInIndex = 0; path = Pods_Craft.framework; sourceTree = BUILT_PRODUCTS_DIR; };
/* End PBXFileReference section */

/* Begin PBXFrameworksBuildPhase section */
		5B9E76F81C1903C1002610FB /* Frameworks */ = {
			isa = PBXFrameworksBuildPhase;
			buildActionMask = 2147483647;
			files = (
				6BDD99F429CEE758DD647F68 /* Pods_Craft.framework in Frameworks */,
			);
			runOnlyForDeploymentPostprocessing = 0;
		};
		5B9E770C1C1903C1002610FB /* Frameworks */ = {
			isa = PBXFrameworksBuildPhase;
			buildActionMask = 2147483647;
			files = (
			);
			runOnlyForDeploymentPostprocessing = 0;
		};
		5B9E77171C1903C1002610FB /* Frameworks */ = {
			isa = PBXFrameworksBuildPhase;
			buildActionMask = 2147483647;
			files = (
			);
			runOnlyForDeploymentPostprocessing = 0;
		};
/* End PBXFrameworksBuildPhase section */

/* Begin PBXGroup section */
		1E18C125D59A01CF432F4901 /* Pods */ = {
			isa = PBXGroup;
			children = (
				2AACC2237B09A6ED9EF4BFDB /* Pods-Craft.debug.xcconfig */,
				74BFC1663FDCF445BCBBAFAF /* Pods-Craft.release.xcconfig */,
			);
			name = Pods;
			sourceTree = "<group>";
		};
		5B0C67021C19FE6F00411260 /* CLWeeklyCalendarView */ = {
			isa = PBXGroup;
			children = (
				5B0C66ED1C19FC2500411260 /* CLWeeklyCalendarView.h */,
				5B0C66EE1C19FC2500411260 /* CLWeeklyCalendarView.m */,
				5B0C66EF1C19FC2500411260 /* DailyCalendarView.h */,
				5B0C66F01C19FC2500411260 /* DailyCalendarView.m */,
				5B0C66F11C19FC2500411260 /* DayTitleLabel.h */,
				5B0C66F21C19FC2500411260 /* DayTitleLabel.m */,
				5B0C66F61C19FC2E00411260 /* NSDate+CL.h */,
				5B0C66F71C19FC2E00411260 /* NSDate+CL.m */,
				5B0C66F81C19FC2E00411260 /* NSDictionary+CL.h */,
				5B0C66F91C19FC2E00411260 /* NSDictionary+CL.m */,
				5B0C66FA1C19FC2E00411260 /* UIColor+CL.h */,
				5B0C66FB1C19FC2E00411260 /* UIColor+CL.m */,
				5B0C66FC1C19FC2E00411260 /* UIImage+CL.h */,
				5B0C66FD1C19FC2E00411260 /* UIImage+CL.m */,
			);
			name = CLWeeklyCalendarView;
			sourceTree = "<group>";
		};
		5B9E76F21C1903C1002610FB = {
			isa = PBXGroup;
			children = (
				5B9E76FD1C1903C1002610FB /* Craft */,
				5B9E77121C1903C1002610FB /* CraftTests */,
				5B9E771D1C1903C1002610FB /* CraftUITests */,
				5B9E76FC1C1903C1002610FB /* Products */,
				1E18C125D59A01CF432F4901 /* Pods */,
				D2FC4630C27D4BED983B0F19 /* Frameworks */,
			);
			sourceTree = "<group>";
		};
		5B9E76FC1C1903C1002610FB /* Products */ = {
			isa = PBXGroup;
			children = (
				5B9E76FB1C1903C1002610FB /* Craft.app */,
				5B9E770F1C1903C1002610FB /* CraftTests.xctest */,
				5B9E771A1C1903C1002610FB /* CraftUITests.xctest */,
			);
			name = Products;
			sourceTree = "<group>";
		};
		5B9E76FD1C1903C1002610FB /* Craft */ = {
			isa = PBXGroup;
			children = (
				5BEB52CD1C1906FA0013AF11 /* Main.storyboard */,
				5BEB52D11C190A430013AF11 /* Login */,
				5BEB52AB1C1905F00013AF11 /* AppDelegate.swift */,
				5BEB52AF1C1905F00013AF11 /* HomeTableCell.swift */,
				5BEB52B01C1905F00013AF11 /* HomeViewController.swift */,
				5BEB52B31C1905F00013AF11 /* MenuViewController.swift */,
				5BEB52B41C1905F00013AF11 /* PFUserExtension.swift */,
				5BEB52B71C1905F00013AF11 /* ScheduleTableCell.swift */,
				5BEB52B81C1905F00013AF11 /* ScheduleViewController.swift */,
				5BEB52B91C1905F00013AF11 /* SettingsViewController.swift */,
				5BEB52AC1C1905F00013AF11 /* Assets.xcassets */,
				5BEB52CB1C1906FA0013AF11 /* LaunchScreen.storyboard */,
				5BEB52B11C1905F00013AF11 /* Info.plist */,
				5B0C66EA1C19FABD00411260 /* CalendarViewController.m */,
				5B0C66EC1C19FAE300411260 /* CalendarViewController.h */,
				5B0C67021C19FE6F00411260 /* CLWeeklyCalendarView */,
			);
			path = Craft;
			sourceTree = "<group>";
		};
		5B9E77121C1903C1002610FB /* CraftTests */ = {
			isa = PBXGroup;
			children = (
				5B9E77131C1903C1002610FB /* CraftTests.swift */,
				5B9E77151C1903C1002610FB /* Info.plist */,
			);
			path = CraftTests;
			sourceTree = "<group>";
		};
		5B9E771D1C1903C1002610FB /* CraftUITests */ = {
			isa = PBXGroup;
			children = (
				5B9E771E1C1903C1002610FB /* CraftUITests.swift */,
				5B9E77201C1903C1002610FB /* Info.plist */,
			);
			path = CraftUITests;
			sourceTree = "<group>";
		};
		5BEB52D11C190A430013AF11 /* Login */ = {
			isa = PBXGroup;
			children = (
				5BEB52AE1C1905F00013AF11 /* EnterRestaurantIDViewController.swift */,
				5BEB52B21C1905F00013AF11 /* LoginViewController.swift */,
				5BEB52B51C1905F00013AF11 /* RegisterRestaurantViewController.swift */,
				5BEB52B61C1905F00013AF11 /* ResetPasswordViewController.swift */,
				5BEB52BA1C1905F00013AF11 /* SignupViewController.swift */,
			);
			name = Login;
			sourceTree = "<group>";
		};
		D2FC4630C27D4BED983B0F19 /* Frameworks */ = {
			isa = PBXGroup;
			children = (
				C6983012A63411C96F958C4C /* Pods_Craft.framework */,
			);
			name = Frameworks;
			sourceTree = "<group>";
		};
/* End PBXGroup section */

/* Begin PBXNativeTarget section */
		5B9E76FA1C1903C1002610FB /* Craft */ = {
			isa = PBXNativeTarget;
			buildConfigurationList = 5B9E77231C1903C1002610FB /* Build configuration list for PBXNativeTarget "Craft" */;
			buildPhases = (
				C97C8A794A61760762DB150B /* Check Pods Manifest.lock */,
				5B9E76F71C1903C1002610FB /* Sources */,
				5B9E76F81C1903C1002610FB /* Frameworks */,
				5B9E76F91C1903C1002610FB /* Resources */,
				4300820FCBEF4A5BB3B029A3 /* Embed Pods Frameworks */,
				4764738202BBE3960863AD4D /* Copy Pods Resources */,
			);
			buildRules = (
			);
			dependencies = (
			);
			name = Craft;
			productName = Craft;
			productReference = 5B9E76FB1C1903C1002610FB /* Craft.app */;
			productType = "com.apple.product-type.application";
		};
		5B9E770E1C1903C1002610FB /* CraftTests */ = {
			isa = PBXNativeTarget;
			buildConfigurationList = 5B9E77261C1903C1002610FB /* Build configuration list for PBXNativeTarget "CraftTests" */;
			buildPhases = (
				5B9E770B1C1903C1002610FB /* Sources */,
				5B9E770C1C1903C1002610FB /* Frameworks */,
				5B9E770D1C1903C1002610FB /* Resources */,
			);
			buildRules = (
			);
			dependencies = (
				5B9E77111C1903C1002610FB /* PBXTargetDependency */,
			);
			name = CraftTests;
			productName = CraftTests;
			productReference = 5B9E770F1C1903C1002610FB /* CraftTests.xctest */;
			productType = "com.apple.product-type.bundle.unit-test";
		};
		5B9E77191C1903C1002610FB /* CraftUITests */ = {
			isa = PBXNativeTarget;
			buildConfigurationList = 5B9E77291C1903C1002610FB /* Build configuration list for PBXNativeTarget "CraftUITests" */;
			buildPhases = (
				5B9E77161C1903C1002610FB /* Sources */,
				5B9E77171C1903C1002610FB /* Frameworks */,
				5B9E77181C1903C1002610FB /* Resources */,
			);
			buildRules = (
			);
			dependencies = (
				5B9E771C1C1903C1002610FB /* PBXTargetDependency */,
			);
			name = CraftUITests;
			productName = CraftUITests;
			productReference = 5B9E771A1C1903C1002610FB /* CraftUITests.xctest */;
			productType = "com.apple.product-type.bundle.ui-testing";
		};
/* End PBXNativeTarget section */

/* Begin PBXProject section */
		5B9E76F31C1903C1002610FB /* Project object */ = {
			isa = PBXProject;
			attributes = {
				LastSwiftUpdateCheck = 0710;
				LastUpgradeCheck = 0710;
				ORGANIZATIONNAME = "John Tunisi";
				TargetAttributes = {
					5B9E76FA1C1903C1002610FB = {
						CreatedOnToolsVersion = 7.1.1;
						DevelopmentTeam = S9K7ZK32R7;
					};
					5B9E770E1C1903C1002610FB = {
						CreatedOnToolsVersion = 7.1.1;
						DevelopmentTeam = S9K7ZK32R7;
						TestTargetID = 5B9E76FA1C1903C1002610FB;
					};
					5B9E77191C1903C1002610FB = {
						CreatedOnToolsVersion = 7.1.1;
						DevelopmentTeam = S9K7ZK32R7;
						TestTargetID = 5B9E76FA1C1903C1002610FB;
					};
				};
			};
			buildConfigurationList = 5B9E76F61C1903C1002610FB /* Build configuration list for PBXProject "Craft" */;
			compatibilityVersion = "Xcode 3.2";
			developmentRegion = English;
			hasScannedForEncodings = 0;
			knownRegions = (
				en,
				Base,
			);
			mainGroup = 5B9E76F21C1903C1002610FB;
			productRefGroup = 5B9E76FC1C1903C1002610FB /* Products */;
			projectDirPath = "";
			projectRoot = "";
			targets = (
				5B9E76FA1C1903C1002610FB /* Craft */,
				5B9E770E1C1903C1002610FB /* CraftTests */,
				5B9E77191C1903C1002610FB /* CraftUITests */,
			);
		};
/* End PBXProject section */

/* Begin PBXResourcesBuildPhase section */
		5B9E76F91C1903C1002610FB /* Resources */ = {
			isa = PBXResourcesBuildPhase;
			buildActionMask = 2147483647;
			files = (
				5BEB52CF1C1906FA0013AF11 /* LaunchScreen.storyboard in Resources */,
				5BEB52BC1C1905F00013AF11 /* Assets.xcassets in Resources */,
				5BEB52C11C1905F00013AF11 /* Info.plist in Resources */,
				5BEB52D01C1906FA0013AF11 /* Main.storyboard in Resources */,
			);
			runOnlyForDeploymentPostprocessing = 0;
		};
		5B9E770D1C1903C1002610FB /* Resources */ = {
			isa = PBXResourcesBuildPhase;
			buildActionMask = 2147483647;
			files = (
			);
			runOnlyForDeploymentPostprocessing = 0;
		};
		5B9E77181C1903C1002610FB /* Resources */ = {
			isa = PBXResourcesBuildPhase;
			buildActionMask = 2147483647;
			files = (
			);
			runOnlyForDeploymentPostprocessing = 0;
		};
/* End PBXResourcesBuildPhase section */

/* Begin PBXShellScriptBuildPhase section */
		4300820FCBEF4A5BB3B029A3 /* Embed Pods Frameworks */ = {
			isa = PBXShellScriptBuildPhase;
			buildActionMask = 2147483647;
			files = (
			);
			inputPaths = (
			);
			name = "Embed Pods Frameworks";
			outputPaths = (
			);
			runOnlyForDeploymentPostprocessing = 0;
			shellPath = /bin/sh;
			shellScript = "\"${SRCROOT}/Pods/Target Support Files/Pods-Craft/Pods-Craft-frameworks.sh\"\n";
			showEnvVarsInLog = 0;
		};
		4764738202BBE3960863AD4D /* Copy Pods Resources */ = {
			isa = PBXShellScriptBuildPhase;
			buildActionMask = 2147483647;
			files = (
			);
			inputPaths = (
			);
			name = "Copy Pods Resources";
			outputPaths = (
			);
			runOnlyForDeploymentPostprocessing = 0;
			shellPath = /bin/sh;
			shellScript = "\"${SRCROOT}/Pods/Target Support Files/Pods-Craft/Pods-Craft-resources.sh\"\n";
			showEnvVarsInLog = 0;
		};
		C97C8A794A61760762DB150B /* Check Pods Manifest.lock */ = {
			isa = PBXShellScriptBuildPhase;
			buildActionMask = 2147483647;
			files = (
			);
			inputPaths = (
			);
			name = "Check Pods Manifest.lock";
			outputPaths = (
			);
			runOnlyForDeploymentPostprocessing = 0;
			shellPath = /bin/sh;
			shellScript = "diff \"${PODS_ROOT}/../Podfile.lock\" \"${PODS_ROOT}/Manifest.lock\" > /dev/null\nif [[ $? != 0 ]] ; then\n    cat << EOM\nerror: The sandbox is not in sync with the Podfile.lock. Run 'pod install' or update your CocoaPods installation.\nEOM\n    exit 1\nfi\n";
			showEnvVarsInLog = 0;
		};
/* End PBXShellScriptBuildPhase section */

/* Begin PBXSourcesBuildPhase section */
		5B9E76F71C1903C1002610FB /* Sources */ = {
			isa = PBXSourcesBuildPhase;
			buildActionMask = 2147483647;
			files = (
				5BEB52C61C1905F00013AF11 /* ResetPasswordViewController.swift in Sources */,
				5BEB52BB1C1905F00013AF11 /* AppDelegate.swift in Sources */,
				5B0C67001C19FC2E00411260 /* UIColor+CL.m in Sources */,
				5BEB52C31C1905F00013AF11 /* MenuViewController.swift in Sources */,
				5BEB52BE1C1905F00013AF11 /* EnterRestaurantIDViewController.swift in Sources */,
				5BEB52BF1C1905F00013AF11 /* HomeTableCell.swift in Sources */,
				5B0C66F51C19FC2500411260 /* DayTitleLabel.m in Sources */,
				5BEB52C71C1905F00013AF11 /* ScheduleTableCell.swift in Sources */,
				5B0C66FE1C19FC2E00411260 /* NSDate+CL.m in Sources */,
				5B0C66F41C19FC2500411260 /* DailyCalendarView.m in Sources */,
				5B0C66EB1C19FABD00411260 /* CalendarViewController.m in Sources */,
				5B0C66F31C19FC2500411260 /* CLWeeklyCalendarView.m in Sources */,
				5BEB52C41C1905F00013AF11 /* PFUserExtension.swift in Sources */,
				5B0C67011C19FC2E00411260 /* UIImage+CL.m in Sources */,
				5B0C66FF1C19FC2E00411260 /* NSDictionary+CL.m in Sources */,
				5BEB52C21C1905F00013AF11 /* LoginViewController.swift in Sources */,
				5BEB52C51C1905F00013AF11 /* RegisterRestaurantViewController.swift in Sources */,
				5BEB52CA1C1905F00013AF11 /* SignupViewController.swift in Sources */,
				5BEB52C81C1905F00013AF11 /* ScheduleViewController.swift in Sources */,
				5BEB52C01C1905F00013AF11 /* HomeViewController.swift in Sources */,
				5BEB52C91C1905F00013AF11 /* SettingsViewController.swift in Sources */,
			);
			runOnlyForDeploymentPostprocessing = 0;
		};
		5B9E770B1C1903C1002610FB /* Sources */ = {
			isa = PBXSourcesBuildPhase;
			buildActionMask = 2147483647;
			files = (
				5B9E77141C1903C1002610FB /* CraftTests.swift in Sources */,
			);
			runOnlyForDeploymentPostprocessing = 0;
		};
		5B9E77161C1903C1002610FB /* Sources */ = {
			isa = PBXSourcesBuildPhase;
			buildActionMask = 2147483647;
			files = (
				5B9E771F1C1903C1002610FB /* CraftUITests.swift in Sources */,
			);
			runOnlyForDeploymentPostprocessing = 0;
		};
/* End PBXSourcesBuildPhase section */

/* Begin PBXTargetDependency section */
		5B9E77111C1903C1002610FB /* PBXTargetDependency */ = {
			isa = PBXTargetDependency;
			target = 5B9E76FA1C1903C1002610FB /* Craft */;
			targetProxy = 5B9E77101C1903C1002610FB /* PBXContainerItemProxy */;
		};
		5B9E771C1C1903C1002610FB /* PBXTargetDependency */ = {
			isa = PBXTargetDependency;
			target = 5B9E76FA1C1903C1002610FB /* Craft */;
			targetProxy = 5B9E771B1C1903C1002610FB /* PBXContainerItemProxy */;
		};
/* End PBXTargetDependency section */

/* Begin PBXVariantGroup section */
		5BEB52CB1C1906FA0013AF11 /* LaunchScreen.storyboard */ = {
			isa = PBXVariantGroup;
			children = (
				5BEB52CC1C1906FA0013AF11 /* Base */,
			);
			name = LaunchScreen.storyboard;
			sourceTree = "<group>";
		};
		5BEB52CD1C1906FA0013AF11 /* Main.storyboard */ = {
			isa = PBXVariantGroup;
			children = (
				5BEB52CE1C1906FA0013AF11 /* Base */,
			);
			name = Main.storyboard;
			sourceTree = "<group>";
		};
/* End PBXVariantGroup section */

/* Begin XCBuildConfiguration section */
		5B9E77211C1903C1002610FB /* Debug */ = {
			isa = XCBuildConfiguration;
			buildSettings = {
				ALWAYS_SEARCH_USER_PATHS = NO;
				CLANG_CXX_LANGUAGE_STANDARD = "gnu++0x";
				CLANG_CXX_LIBRARY = "libc++";
				CLANG_ENABLE_MODULES = YES;
				CLANG_ENABLE_OBJC_ARC = YES;
				CLANG_WARN_BOOL_CONVERSION = YES;
				CLANG_WARN_CONSTANT_CONVERSION = YES;
				CLANG_WARN_DIRECT_OBJC_ISA_USAGE = YES_ERROR;
				CLANG_WARN_EMPTY_BODY = YES;
				CLANG_WARN_ENUM_CONVERSION = YES;
				CLANG_WARN_INT_CONVERSION = YES;
				CLANG_WARN_OBJC_ROOT_CLASS = YES_ERROR;
				CLANG_WARN_UNREACHABLE_CODE = YES;
				CLANG_WARN__DUPLICATE_METHOD_MATCH = YES;
				"CODE_SIGN_IDENTITY[sdk=iphoneos*]" = "iPhone Developer";
				COPY_PHASE_STRIP = NO;
				DEBUG_INFORMATION_FORMAT = dwarf;
				ENABLE_STRICT_OBJC_MSGSEND = YES;
				ENABLE_TESTABILITY = YES;
				GCC_C_LANGUAGE_STANDARD = gnu99;
				GCC_DYNAMIC_NO_PIC = NO;
				GCC_NO_COMMON_BLOCKS = YES;
				GCC_OPTIMIZATION_LEVEL = 0;
				GCC_PREPROCESSOR_DEFINITIONS = (
					"DEBUG=1",
					"$(inherited)",
				);
				GCC_WARN_64_TO_32_BIT_CONVERSION = YES;
				GCC_WARN_ABOUT_RETURN_TYPE = YES_ERROR;
				GCC_WARN_UNDECLARED_SELECTOR = YES;
				GCC_WARN_UNINITIALIZED_AUTOS = YES_AGGRESSIVE;
				GCC_WARN_UNUSED_FUNCTION = YES;
				GCC_WARN_UNUSED_VARIABLE = YES;
				IPHONEOS_DEPLOYMENT_TARGET = 9.1;
				MTL_ENABLE_DEBUG_INFO = YES;
				ONLY_ACTIVE_ARCH = YES;
				SDKROOT = iphoneos;
				SWIFT_OPTIMIZATION_LEVEL = "-Onone";
			};
			name = Debug;
		};
		5B9E77221C1903C1002610FB /* Release */ = {
			isa = XCBuildConfiguration;
			buildSettings = {
				ALWAYS_SEARCH_USER_PATHS = NO;
				CLANG_CXX_LANGUAGE_STANDARD = "gnu++0x";
				CLANG_CXX_LIBRARY = "libc++";
				CLANG_ENABLE_MODULES = YES;
				CLANG_ENABLE_OBJC_ARC = YES;
				CLANG_WARN_BOOL_CONVERSION = YES;
				CLANG_WARN_CONSTANT_CONVERSION = YES;
				CLANG_WARN_DIRECT_OBJC_ISA_USAGE = YES_ERROR;
				CLANG_WARN_EMPTY_BODY = YES;
				CLANG_WARN_ENUM_CONVERSION = YES;
				CLANG_WARN_INT_CONVERSION = YES;
				CLANG_WARN_OBJC_ROOT_CLASS = YES_ERROR;
				CLANG_WARN_UNREACHABLE_CODE = YES;
				CLANG_WARN__DUPLICATE_METHOD_MATCH = YES;
				"CODE_SIGN_IDENTITY[sdk=iphoneos*]" = "iPhone Developer";
				COPY_PHASE_STRIP = NO;
				DEBUG_INFORMATION_FORMAT = "dwarf-with-dsym";
				ENABLE_NS_ASSERTIONS = NO;
				ENABLE_STRICT_OBJC_MSGSEND = YES;
				GCC_C_LANGUAGE_STANDARD = gnu99;
				GCC_NO_COMMON_BLOCKS = YES;
				GCC_WARN_64_TO_32_BIT_CONVERSION = YES;
				GCC_WARN_ABOUT_RETURN_TYPE = YES_ERROR;
				GCC_WARN_UNDECLARED_SELECTOR = YES;
				GCC_WARN_UNINITIALIZED_AUTOS = YES_AGGRESSIVE;
				GCC_WARN_UNUSED_FUNCTION = YES;
				GCC_WARN_UNUSED_VARIABLE = YES;
				IPHONEOS_DEPLOYMENT_TARGET = 9.1;
				MTL_ENABLE_DEBUG_INFO = NO;
				SDKROOT = iphoneos;
				VALIDATE_PRODUCT = YES;
			};
			name = Release;
		};
		5B9E77241C1903C1002610FB /* Debug */ = {
			isa = XCBuildConfiguration;
			baseConfigurationReference = 2AACC2237B09A6ED9EF4BFDB /* Pods-Craft.debug.xcconfig */;
			buildSettings = {
				ASSETCATALOG_COMPILER_APPICON_NAME = AppIcon;
				CLANG_ENABLE_MODULES = YES;
				INFOPLIST_FILE = Craft/Info.plist;
				LD_RUNPATH_SEARCH_PATHS = "$(inherited) @executable_path/Frameworks";
				PRODUCT_BUNDLE_IDENTIFIER = edu.gvsu.Craft;
				PRODUCT_NAME = "$(TARGET_NAME)";
				SWIFT_OPTIMIZATION_LEVEL = "-Onone";
			};
			name = Debug;
		};
		5B9E77251C1903C1002610FB /* Release */ = {
			isa = XCBuildConfiguration;
			baseConfigurationReference = 74BFC1663FDCF445BCBBAFAF /* Pods-Craft.release.xcconfig */;
			buildSettings = {
				ASSETCATALOG_COMPILER_APPICON_NAME = AppIcon;
				CLANG_ENABLE_MODULES = YES;
				INFOPLIST_FILE = Craft/Info.plist;
				LD_RUNPATH_SEARCH_PATHS = "$(inherited) @executable_path/Frameworks";
				PRODUCT_BUNDLE_IDENTIFIER = edu.gvsu.Craft;
				PRODUCT_NAME = "$(TARGET_NAME)";
			};
			name = Release;
		};
		5B9E77271C1903C1002610FB /* Debug */ = {
			isa = XCBuildConfiguration;
			buildSettings = {
				BUNDLE_LOADER = "$(TEST_HOST)";
				INFOPLIST_FILE = CraftTests/Info.plist;
				LD_RUNPATH_SEARCH_PATHS = "$(inherited) @executable_path/Frameworks @loader_path/Frameworks";
				PRODUCT_BUNDLE_IDENTIFIER = edu.gvsu.CraftTests;
				PRODUCT_NAME = "$(TARGET_NAME)";
				TEST_HOST = "$(BUILT_PRODUCTS_DIR)/Craft.app/Craft";
			};
			name = Debug;
		};
		5B9E77281C1903C1002610FB /* Release */ = {
			isa = XCBuildConfiguration;
			buildSettings = {
				BUNDLE_LOADER = "$(TEST_HOST)";
				INFOPLIST_FILE = CraftTests/Info.plist;
				LD_RUNPATH_SEARCH_PATHS = "$(inherited) @executable_path/Frameworks @loader_path/Frameworks";
				PRODUCT_BUNDLE_IDENTIFIER = edu.gvsu.CraftTests;
				PRODUCT_NAME = "$(TARGET_NAME)";
				TEST_HOST = "$(BUILT_PRODUCTS_DIR)/Craft.app/Craft";
			};
			name = Release;
		};
		5B9E772A1C1903C1002610FB /* Debug */ = {
			isa = XCBuildConfiguration;
			buildSettings = {
				INFOPLIST_FILE = CraftUITests/Info.plist;
				LD_RUNPATH_SEARCH_PATHS = "$(inherited) @executable_path/Frameworks @loader_path/Frameworks";
				PRODUCT_BUNDLE_IDENTIFIER = edu.gvsu.CraftUITests;
				PRODUCT_NAME = "$(TARGET_NAME)";
				TEST_TARGET_NAME = Craft;
				USES_XCTRUNNER = YES;
			};
			name = Debug;
		};
		5B9E772B1C1903C1002610FB /* Release */ = {
			isa = XCBuildConfiguration;
			buildSettings = {
				INFOPLIST_FILE = CraftUITests/Info.plist;
				LD_RUNPATH_SEARCH_PATHS = "$(inherited) @executable_path/Frameworks @loader_path/Frameworks";
				PRODUCT_BUNDLE_IDENTIFIER = edu.gvsu.CraftUITests;
				PRODUCT_NAME = "$(TARGET_NAME)";
				TEST_TARGET_NAME = Craft;
				USES_XCTRUNNER = YES;
			};
			name = Release;
		};
/* End XCBuildConfiguration section */

/* Begin XCConfigurationList section */
		5B9E76F61C1903C1002610FB /* Build configuration list for PBXProject "Craft" */ = {
			isa = XCConfigurationList;
			buildConfigurations = (
				5B9E77211C1903C1002610FB /* Debug */,
				5B9E77221C1903C1002610FB /* Release */,
			);
			defaultConfigurationIsVisible = 0;
			defaultConfigurationName = Release;
		};
		5B9E77231C1903C1002610FB /* Build configuration list for PBXNativeTarget "Craft" */ = {
			isa = XCConfigurationList;
			buildConfigurations = (
				5B9E77241C1903C1002610FB /* Debug */,
				5B9E77251C1903C1002610FB /* Release */,
			);
			defaultConfigurationIsVisible = 0;
			defaultConfigurationName = Release;
		};
		5B9E77261C1903C1002610FB /* Build configuration list for PBXNativeTarget "CraftTests" */ = {
			isa = XCConfigurationList;
			buildConfigurations = (
				5B9E77271C1903C1002610FB /* Debug */,
				5B9E77281C1903C1002610FB /* Release */,
			);
			defaultConfigurationIsVisible = 0;
			defaultConfigurationName = Release;
		};
		5B9E77291C1903C1002610FB /* Build configuration list for PBXNativeTarget "CraftUITests" */ = {
			isa = XCConfigurationList;
			buildConfigurations = (
				5B9E772A1C1903C1002610FB /* Debug */,
				5B9E772B1C1903C1002610FB /* Release */,
			);
			defaultConfigurationIsVisible = 0;
			defaultConfigurationName = Release;
		};
/* End XCConfigurationList section */
	};
	rootObject = 5B9E76F31C1903C1002610FB /* Project object */;
}
